
Microsoft Visual Studio Solution File, Format Version 12.00
# Visual Studio Version 16
VisualStudioVersion = 16.0.30225.117
MinimumVisualStudioVersion = 10.0.40219.1
Project("{FAE04EC0-301F-11D3-BF4B-00C04F79EFBC}") = "XFAspNetCoreDITemplateVSIX", "XFAspNetCoreDITemplateVSIX\XFAspNetCoreDITemplateVSIX.csproj", "{D41804A2-C91E-453A-887D-9B7621FE8D00}"
EndProject
Global
	GlobalSection(SolutionConfigurationPlatforms) = preSolution
		Debug|Any CPU = Debug|Any CPU
		Release|Any CPU = Release|Any CPU
	EndGlobalSection
	GlobalSection(ProjectConfigurationPlatforms) = postSolution
		{D41804A2-C91E-453A-887D-9B7621FE8D00}.Debug|Any CPU.ActiveCfg = Debug|Any CPU
		{D41804A2-C91E-453A-887D-9B7621FE8D00}.Debug|Any CPU.Build.0 = Debug|Any CPU
		{D41804A2-C91E-453A-887D-9B7621FE8D00}.Release|Any CPU.ActiveCfg = Release|Any CPU
		{D41804A2-C91E-453A-887D-9B7621FE8D00}.Release|Any CPU.Build.0 = Release|Any CPU
	EndGlobalSection
	GlobalSection(SolutionProperties) = preSolution
		HideSolutionNode = FALSE
	EndGlobalSection
	GlobalSection(ExtensibilityGlobals) = postSolution
		SolutionGuid = {21672245-2675-4C0B-B3AC-0ED01369E6B5}
	EndGlobalSection
EndGlobal
